// !$*UTF8*$!
{
	archiveVersion = 1;
	classes = {
	};
	objectVersion = 77;
	objects = {

/* Begin PBXBuildFile section */
		5PF000000000000000000001 /* MapLibre in Frameworks */ = {isa = PBXBuildFile; productRef = 5PE000000000000000000001 /* MapLibre */; };
/* End PBXBuildFile section */

/* Begin PBXContainerItemProxy section */
		5PB000000000000000000001 /* PBXContainerItemProxy */ = {
			isa = PBXContainerItemProxy;
			containerPortal = 5P9000000000000000000001 /* Project object */;
			proxyType = 1;
			remoteGlobalIDString = 5P5000000000000000000001;
			remoteInfo = SteamPigeon;
		};
/* End PBXContainerItemProxy section */

/* Begin PBXFileReference section */
		5P1000000000000000000001 /* SteamPigeon.app */ = {isa = PBXFileReference; explicitFileType = wrapper.application; includeInIndex = 0; path = SteamPigeon.app; sourceTree = BUILT_PRODUCTS_DIR; };
		5P1000000000000000000002 /* SteamPigeonTests.xctest */ = {isa = PBXFileReference; explicitFileType = wrapper.cfbundle; includeInIndex = 0; path = SteamPigeonTests.xctest; sourceTree = BUILT_PRODUCTS_DIR; };
/* End PBXFileReference section */

/* Begin PBXFileSystemSynchronizedRootGroup section */
		5P2000000000000000000001 /* SteamPigeon */ = {
			isa = PBXFileSystemSynchronizedRootGroup;
			path = SteamPigeon;
			sourceTree = "<group>";
		};
		5P2000000000000000000002 /* SteamPigeonTests */ = {
			isa = PBXFileSystemSynchronizedRootGroup;
			path = SteamPigeonTests;
			sourceTree = "<group>";
		};
/* End PBXFileSystemSynchronizedRootGroup section */

/* Begin PBXFrameworksBuildPhase section */
		5P3000000000000000000001 /* Frameworks */ = {
			isa = PBXFrameworksBuildPhase;
			buildActionMask = 2147483647;
			files = (
				5PF000000000000000000001 /* MapLibre in Frameworks */,
			);
			runOnlyForDeploymentPostprocessing = 0;
		};
		5P3000000000000000000002 /* Frameworks */ = {
			isa = PBXFrameworksBuildPhase;
			buildActionMask = 2147483647;
			files = (
			);
			runOnlyForDeploymentPostprocessing = 0;
		};
/* End PBXFrameworksBuildPhase section */

/* Begin PBXGroup section */
		5P4000000000000000000001 = {
			isa = PBXGroup;
			children = (
				5P2000000000000000000001 /* SteamPigeon */,
				5P2000000000000000000002 /* SteamPigeonTests */,
				5P4000000000000000000002 /* Products */,
			);
			sourceTree = "<group>";
		};
		5P4000000000000000000002 /* Products */ = {
			isa = PBXGroup;
			children = (
				5P1000000000000000000001 /* SteamPigeon.app */,
				5P1000000000000000000002 /* SteamPigeonTests.xctest */,
			);
			name = Products;
			sourceTree = "<group>";
		};
/* End PBXGroup section */

/* Begin PBXNativeTarget section */
		5P5000000000000000000001 /* SteamPigeon */ = {
			isa = PBXNativeTarget;
			buildConfigurationList = 5P6000000000000000000002 /* Build configuration list for PBXNativeTarget "SteamPigeon" */;
			buildPhases = (
				5P7000000000000000000001 /* Sources */,
				5P3000000000000000000001 /* Frameworks */,
				5P8000000000000000000001 /* Resources */,
			);
			buildRules = (
			);
			dependencies = (
			);
			fileSystemSynchronizedGroups = (
				5P2000000000000000000001 /* SteamPigeon */,
			);
			name = SteamPigeon;
			packageProductDependencies = (
				5PE000000000000000000001 /* MapLibre */,
			);
			productName = SteamPigeon;
			productReference = 5P1000000000000000000001 /* SteamPigeon.app */;
			productType = "com.apple.product-type.application";
		};
		5P5000000000000000000002 /* SteamPigeonTests */ = {
			isa = PBXNativeTarget;
			buildConfigurationList = 5P6000000000000000000003 /* Build configuration list for PBXNativeTarget "SteamPigeonTests" */;
			buildPhases = (
				5P7000000000000000000002 /* Sources */,
				5P3000000000000000000002 /* Frameworks */,
				5P8000000000000000000002 /* Resources */,
			);
			buildRules = (
			);
			dependencies = (
				5PA000000000000000000001 /* PBXTargetDependency */,
			);
			fileSystemSynchronizedGroups = (
				5P2000000000000000000002 /* SteamPigeonTests */,
			);
			name = SteamPigeonTests;
			productName = SteamPigeonTests;
			productReference = 5P1000000000000000000002 /* SteamPigeonTests.xctest */;
			productType = "com.apple.product-type.bundle.unit-test";
		};
/* End PBXNativeTarget section */

/* Begin PBXProject section */
		5P9000000000000000000001 /* Project object */ = {
			isa = PBXProject;
			attributes = {
				BuildIndependentTargetsInParallel = 1;
				LastSwiftUpdateCheck = 2660;
				LastUpgradeCheck = 2660;
				TargetAttributes = {
					5P5000000000000000000001 = {
						CreatedOnToolsVersion = 26.6;
					};
					5P5000000000000000000002 = {
						CreatedOnToolsVersion = 26.6;
						TestTargetID = 5P5000000000000000000001;
					};
				};
			};
			buildConfigurationList = 5P6000000000000000000001 /* Build configuration list for PBXProject "SteamPigeon" */;
			developmentRegion = en;
			hasScannedForEncodings = 0;
			knownRegions = (
				en,
				Base,
			);
			mainGroup = 5P4000000000000000000001;
			minimizedProjectReferenceProxies = 1;
			packageReferences = (
				5PD000000000000000000001 /* XCRemoteSwiftPackageReference "maplibre-gl-native-distribution" */,
			);
			preferredProjectObjectVersion = 77;
			productRefGroup = 5P4000000000000000000002 /* Products */;
			projectDirPath = "";
			projectRoot = "";
			targets = (
				5P5000000000000000000001 /* SteamPigeon */,
				5P5000000000000000000002 /* SteamPigeonTests */,
			);
		};
/* End PBXProject section */

/* Begin PBXResourcesBuildPhase section */
		5P8000000000000000000001 /* Resources */ = {
			isa = PBXResourcesBuildPhase;
			buildActionMask = 2147483647;
			files = (
			);
			runOnlyForDeploymentPostprocessing = 0;
		};
		5P8000000000000000000002 /* Resources */ = {
			isa = PBXResourcesBuildPhase;
			buildActionMask = 2147483647;
			files = (
			);
			runOnlyForDeploymentPostprocessing = 0;
		};
/* End PBXResourcesBuildPhase section */

/* Begin PBXSourcesBuildPhase section */
		5P7000000000000000000001 /* Sources */ = {
			isa = PBXSourcesBuildPhase;
			buildActionMask = 2147483647;
			files = (
			);
			runOnlyForDeploymentPostprocessing = 0;
		};
		5P7000000000000000000002 /* Sources */ = {
			isa = PBXSourcesBuildPhase;
			buildActionMask = 2147483647;
			files = (
			);
			runOnlyForDeploymentPostprocessing = 0;
		};
/* End PBXSourcesBuildPhase section */

/* Begin PBXTargetDependency section */
		5PA000000000000000000001 /* PBXTargetDependency */ = {
			isa = PBXTargetDependency;
			target = 5P5000000000000000000001 /* SteamPigeon */;
			targetProxy = 5PB000000000000000000001 /* PBXContainerItemProxy */;
		};
/* End PBXTargetDependency section */

/* Begin XCBuildConfiguration section */
		5PC000000000000000000001 /* Debug */ = {
			isa = XCBuildConfiguration;
			buildSettings = {
				ALWAYS_SEARCH_USER_PATHS = NO;
				CLANG_ENABLE_MODULES = YES;
				CLANG_ENABLE_OBJC_ARC = YES;
				COPY_PHASE_STRIP = NO;
				DEBUG_INFORMATION_FORMAT = dwarf;
				ENABLE_STRICT_OBJC_MSGSEND = YES;
				ENABLE_TESTABILITY = YES;
				GCC_C_LANGUAGE_STANDARD = gnu17;
				GCC_DYNAMIC_NO_PIC = NO;
				GCC_NO_COMMON_BLOCKS = YES;
				GCC_OPTIMIZATION_LEVEL = 0;
				GCC_PREPROCESSOR_DEFINITIONS = (
					"DEBUG=1",
					"$(inherited)",
				);
				IPHONEOS_DEPLOYMENT_TARGET = 16.0;
				MTL_ENABLE_DEBUG_INFO = INCLUDE_SOURCE;
				MTL_FAST_MATH = YES;
				ONLY_ACTIVE_ARCH = YES;
				SDKROOT = iphoneos;
				SWIFT_ACTIVE_COMPILATION_CONDITIONS = "DEBUG $(inherited)";
				SWIFT_OPTIMIZATION_LEVEL = "-Onone";
				SWIFT_VERSION = 5.0;
			};
			name = Debug;
		};
		5PC000000000000000000002 /* Release */ = {
			isa = XCBuildConfiguration;
			buildSettings = {
				ALWAYS_SEARCH_USER_PATHS = NO;
				CLANG_ENABLE_MODULES = YES;
				CLANG_ENABLE_OBJC_ARC = YES;
				COPY_PHASE_STRIP = NO;
				DEBUG_INFORMATION_FORMAT = "dwarf-with-dsym";
				ENABLE_NS_ASSERTIONS = NO;
				ENABLE_STRICT_OBJC_MSGSEND = YES;
				GCC_C_LANGUAGE_STANDARD = gnu17;
				GCC_NO_COMMON_BLOCKS = YES;
				IPHONEOS_DEPLOYMENT_TARGET = 16.0;
				MTL_ENABLE_DEBUG_INFO = NO;
				MTL_FAST_MATH = YES;
				SDKROOT = iphoneos;
				SWIFT_COMPILATION_MODE = wholemodule;
				SWIFT_VERSION = 5.0;
				VALIDATE_PRODUCT = YES;
			};
			name = Release;
		};
		5PC000000000000000000003 /* Debug */ = {
			isa = XCBuildConfiguration;
			buildSettings = {
				ASSETCATALOG_COMPILER_APPICON_NAME = AppIcon;
				ASSETCATALOG_COMPILER_GLOBAL_ACCENT_COLOR_NAME = AccentColor;
				CODE_SIGN_STYLE = Automatic;
				CURRENT_PROJECT_VERSION = 1;
				DEVELOPMENT_TEAM = 5P46C7B7F6;
				ENABLE_PREVIEWS = YES;
				GENERATE_INFOPLIST_FILE = YES;
				INFOPLIST_FILE = Config/Info.plist;
				INFOPLIST_KEY_NSBluetoothAlwaysUsageDescription = "Steam Pigeon connects to your receiver over Bluetooth to show live rocket telemetry and download archived flights.";
				INFOPLIST_KEY_NSLocationWhenInUseUsageDescription = "Steam Pigeon uses your location to show the distance and bearing to your rocket while you walk to it.";
				INFOPLIST_KEY_UIApplicationSupportsIndirectInputEvents = YES;
				INFOPLIST_KEY_UILaunchScreen_Generation = YES;
				INFOPLIST_KEY_UISupportedInterfaceOrientations = "UIInterfaceOrientationPortrait UIInterfaceOrientationLandscapeLeft UIInterfaceOrientationLandscapeRight";
				LD_RUNPATH_SEARCH_PATHS = (
					"$(inherited)",
					"@executable_path/Frameworks",
				);
				MARKETING_VERSION = 0.1.0;
				PRODUCT_BUNDLE_IDENTIFIER = com.steampigeon.ios;
				PRODUCT_NAME = "$(TARGET_NAME)";
				SWIFT_EMIT_LOC_STRINGS = YES;
				TARGETED_DEVICE_FAMILY = "1,2";
			};
			name = Debug;
		};
		5PC000000000000000000004 /* Release */ = {
			isa = XCBuildConfiguration;
			buildSettings = {
				ASSETCATALOG_COMPILER_APPICON_NAME = AppIcon;
				ASSETCATALOG_COMPILER_GLOBAL_ACCENT_COLOR_NAME = AccentColor;
				CODE_SIGN_STYLE = Automatic;
				CURRENT_PROJECT_VERSION = 1;
				DEVELOPMENT_TEAM = 5P46C7B7F6;
				ENABLE_PREVIEWS = YES;
				GENERATE_INFOPLIST_FILE = YES;
				INFOPLIST_FILE = Config/Info.plist;
				INFOPLIST_KEY_NSBluetoothAlwaysUsageDescription = "Steam Pigeon connects to your receiver over Bluetooth to show live rocket telemetry and download archived flights.";
				INFOPLIST_KEY_NSLocationWhenInUseUsageDescription = "Steam Pigeon uses your location to show the distance and bearing to your rocket while you walk to it.";
				INFOPLIST_KEY_UIApplicationSupportsIndirectInputEvents = YES;
				INFOPLIST_KEY_UILaunchScreen_Generation = YES;
				INFOPLIST_KEY_UISupportedInterfaceOrientations = "UIInterfaceOrientationPortrait UIInterfaceOrientationLandscapeLeft UIInterfaceOrientationLandscapeRight";
				LD_RUNPATH_SEARCH_PATHS = (
					"$(inherited)",
					"@executable_path/Frameworks",
				);
				MARKETING_VERSION = 0.1.0;
				PRODUCT_BUNDLE_IDENTIFIER = com.steampigeon.ios;
				PRODUCT_NAME = "$(TARGET_NAME)";
				SWIFT_EMIT_LOC_STRINGS = YES;
				TARGETED_DEVICE_FAMILY = "1,2";
			};
			name = Release;
		};
		5PC000000000000000000005 /* Debug */ = {
			isa = XCBuildConfiguration;
			buildSettings = {
				BUNDLE_LOADER = "$(TEST_HOST)";
				CODE_SIGN_STYLE = Automatic;
				CURRENT_PROJECT_VERSION = 1;
				DEVELOPMENT_TEAM = 5P46C7B7F6;
				GENERATE_INFOPLIST_FILE = YES;
				MARKETING_VERSION = 0.1.0;
				PRODUCT_BUNDLE_IDENTIFIER = com.steampigeon.ios.tests;
				PRODUCT_NAME = "$(TARGET_NAME)";
				SWIFT_EMIT_LOC_STRINGS = NO;
				TARGETED_DEVICE_FAMILY = "1,2";
				TEST_HOST = "$(BUILT_PRODUCTS_DIR)/SteamPigeon.app/$(BUNDLE_EXECUTABLE_FOLDER_PATH)/SteamPigeon";
			};
			name = Debug;
		};
		5PC000000000000000000006 /* Release */ = {
			isa = XCBuildConfiguration;
			buildSettings = {
				BUNDLE_LOADER = "$(TEST_HOST)";
				CODE_SIGN_STYLE = Automatic;
				CURRENT_PROJECT_VERSION = 1;
				DEVELOPMENT_TEAM = 5P46C7B7F6;
				GENERATE_INFOPLIST_FILE = YES;
				MARKETING_VERSION = 0.1.0;
				PRODUCT_BUNDLE_IDENTIFIER = com.steampigeon.ios.tests;
				PRODUCT_NAME = "$(TARGET_NAME)";
				SWIFT_EMIT_LOC_STRINGS = NO;
				TARGETED_DEVICE_FAMILY = "1,2";
				TEST_HOST = "$(BUILT_PRODUCTS_DIR)/SteamPigeon.app/$(BUNDLE_EXECUTABLE_FOLDER_PATH)/SteamPigeon";
			};
			name = Release;
		};
/* End XCBuildConfiguration section */

/* Begin XCConfigurationList section */
		5P6000000000000000000001 /* Build configuration list for PBXProject "SteamPigeon" */ = {
			isa = XCConfigurationList;
			buildConfigurations = (
				5PC000000000000000000001 /* Debug */,
				5PC000000000000000000002 /* Release */,
			);
			defaultConfigurationIsVisible = 0;
			defaultConfigurationName = Release;
		};
		5P6000000000000000000002 /* Build configuration list for PBXNativeTarget "SteamPigeon" */ = {
			isa = XCConfigurationList;
			buildConfigurations = (
				5PC000000000000000000003 /* Debug */,
				5PC000000000000000000004 /* Release */,
			);
			defaultConfigurationIsVisible = 0;
			defaultConfigurationName = Release;
		};
		5P6000000000000000000003 /* Build configuration list for PBXNativeTarget "SteamPigeonTests" */ = {
			isa = XCConfigurationList;
			buildConfigurations = (
				5PC000000000000000000005 /* Debug */,
				5PC000000000000000000006 /* Release */,
			);
			defaultConfigurationIsVisible = 0;
			defaultConfigurationName = Release;
		};
/* End XCConfigurationList section */

/* Begin XCRemoteSwiftPackageReference section */
		5PD000000000000000000001 /* XCRemoteSwiftPackageReference "maplibre-gl-native-distribution" */ = {
			isa = XCRemoteSwiftPackageReference;
			repositoryURL = "https://github.com/maplibre/maplibre-gl-native-distribution";
			requirement = {
				kind = upToNextMajorVersion;
				minimumVersion = 6.28.0;
			};
		};
/* End XCRemoteSwiftPackageReference section */

/* Begin XCSwiftPackageProductDependency section */
		5PE000000000000000000001 /* MapLibre */ = {
			isa = XCSwiftPackageProductDependency;
			package = 5PD000000000000000000001 /* XCRemoteSwiftPackageReference "maplibre-gl-native-distribution" */;
			productName = MapLibre;
		};
/* End XCSwiftPackageProductDependency section */
	};
	rootObject = 5P9000000000000000000001 /* Project object */;
}
